
Microsoft Visual Studio Solution File, Format Version 12.00
# Visual Studio 14
VisualStudioVersion = 14.0.25420.1
MinimumVisualStudioVersion = 10.0.40219.1
Project("{FAE04EC0-301F-11D3-BF4B-00C04F79EFBC}") = "Chinaski", "Chinaski\Chinaski.csproj", "{1367E395-0D7A-4C02-86AD-91DDC752665A}"
EndProject
Project("{FAE04EC0-301F-11D3-BF4B-00C04F79EFBC}") = "BadListener.Runtime", "..\BadListener\BadListener.Runtime\BadListener.Runtime.csproj", "{C1771349-AA78-48AF-8273-45BB98DFE5FA}"
EndProject
Global
	GlobalSection(SolutionConfigurationPlatforms) = preSolution
		Debug|Any CPU = Debug|Any CPU
		Release|Any CPU = Release|Any CPU
	EndGlobalSection
	GlobalSection(ProjectConfigurationPlatforms) = postSolution
		{1367E395-0D7A-4C02-86AD-91DDC752665A}.Debug|Any CPU.ActiveCfg = Debug|Any CPU
		{1367E395-0D7A-4C02-86AD-91DDC752665A}.Debug|Any CPU.Build.0 = Debug|Any CPU
		{1367E395-0D7A-4C02-86AD-91DDC752665A}.Release|Any CPU.ActiveCfg = Release|Any CPU
		{1367E395-0D7A-4C02-86AD-91DDC752665A}.Release|Any CPU.Build.0 = Release|Any CPU
		{C1771349-AA78-48AF-8273-45BB98DFE5FA}.Debug|Any CPU.ActiveCfg = Debug|Any CPU
		{C1771349-AA78-48AF-8273-45BB98DFE5FA}.Debug|Any CPU.Build.0 = Debug|Any CPU
		{C1771349-AA78-48AF-8273-45BB98DFE5FA}.Release|Any CPU.ActiveCfg = Release|Any CPU
		{C1771349-AA78-48AF-8273-45BB98DFE5FA}.Release|Any CPU.Build.0 = Release|Any CPU
	EndGlobalSection
	GlobalSection(SolutionProperties) = preSolution
		HideSolutionNode = FALSE
	EndGlobalSection
EndGlobal
